schema: '2.0'
stages:
  make_dataset:
    cmd: poetry run python -m src.data.make_dataset llm-book/livedoor-news-corpus
      data/interim/dataset.parquet --mlflow_run_name=pipeline
    deps:
    - path: src/data/make_dataset.py
      hash: md5
      md5: f463cf85b1dd698468458d298eb0d09c
      size: 2031
    outs:
    - path: data/interim/dataset.parquet
      hash: md5
      md5: bc237833c9ceab972308b563cfaf3b11
      size: 15023178
  build_vectors:
    cmd: poetry run python -m src.features.build_features data/interim/dataset.parquet
      data/interim/vectors.cloudpickle --mlflow_run_name=pipeline --model_name_or_filepath=oshizo/sbert-jsnli-luke-japanese-base-lite
    deps:
    - path: data/interim/dataset.parquet
      hash: md5
      md5: bc237833c9ceab972308b563cfaf3b11
      size: 15023178
    - path: src/features/build_features.py
      hash: md5
      md5: 3fa96f07948ae96eea511a3e3bb8591b
      size: 2115
    outs:
    - path: data/interim/vectors.cloudpickle
      hash: md5
      md5: d3f94ae0293a3d16e20e4acae6d4f2d2
      size: 73989523
  build_vector_db:
    cmd: poetry run python -m src.features.build_vector_db data/interim/vectors.cloudpickle
      data/interim/engine.cloudpickle --mlflow_run_name=pipeline
    deps:
    - path: data/interim/vectors.cloudpickle
      hash: md5
      md5: d3f94ae0293a3d16e20e4acae6d4f2d2
      size: 73989523
    - path: src/features/build_vector_db.py
      hash: md5
      md5: 05654144501b2f8bae2511aecc747baa
      size: 1871
    outs:
    - path: data/interim/engine.cloudpickle
      hash: md5
      md5: e9158b9e564c885ade6a6669034e34ef
      size: 67990513
  recommend:
    cmd: poetry run python -m src.models.recommend data/interim/engine.cloudpickle
      --mlflow_run_name=pipeline --model_name_or_filepath=oshizo/sbert-jsnli-luke-japanese-base-lite
    deps:
    - path: data/interim/engine.cloudpickle
      hash: md5
      md5: e9158b9e564c885ade6a6669034e34ef
      size: 67990513
    - path: src/models/recommend.py
      hash: md5
      md5: 81fb714b3e4ee513723cad98ce87ba0e
      size: 1904
  build_vectors@oshizo/sbert-jsnli-luke-japanese-base-lite:
    cmd: poetry run python -m src.features.build_features data/interim/dataset.parquet
      models/oshizo/sbert-jsnli-luke-japanese-base-lite/vectors.cloudpickle --mlflow_run_name=pipeline
      --model_name_or_filepath=oshizo/sbert-jsnli-luke-japanese-base-lite
    deps:
    - path: data/interim/dataset.parquet
      hash: md5
      md5: bc237833c9ceab972308b563cfaf3b11
      size: 15023178
    - path: src/features/build_features.py
      hash: md5
      md5: 5d71795c73120cd3f79a2dd4f24ed26b
      size: 1910
    - path: src/models/vector_builder.py
      hash: md5
      md5: fa1927913e6049e5f76da09fe91e7b37
      size: 361
    outs:
    - path: models/oshizo/sbert-jsnli-luke-japanese-base-lite/vectors.cloudpickle
      hash: md5
      md5: 637a0473bc66601c344922083d052bc7
      size: 73989523
  recommend@oshizo/sbert-jsnli-luke-japanese-base-lite:
    cmd: poetry run python -m src.models.recommend models/oshizo/sbert-jsnli-luke-japanese-base-lite/engine.cloudpickle
      --mlflow_run_name=pipeline --model_name_or_filepath=oshizo/sbert-jsnli-luke-japanese-base-lite
    deps:
    - path: models/oshizo/sbert-jsnli-luke-japanese-base-lite/engine.cloudpickle
      hash: md5
      md5: e9158b9e564c885ade6a6669034e34ef
      size: 67990513
    - path: src/models/embedder.py
      hash: md5
      md5: 07739ff77d0ec7b83eb2b30bca54d3d7
      size: 6567
    - path: src/models/recommend.py
      hash: md5
      md5: 77a3175dd424798e35afc579dac52af1
      size: 1908
    - path: src/models/vector_engine.py
      hash: md5
      md5: 9f128fccd0c53da38f04a6584aba9c19
      size: 4204
  build_vectors@intfloat/multilingual-e5-small:
    cmd: poetry run python -m src.features.build_features data/interim/dataset.parquet
      models/intfloat/multilingual-e5-small/vectors.cloudpickle --mlflow_run_name=pipeline
      --model_name_or_filepath=intfloat/multilingual-e5-small
    deps:
    - path: data/interim/dataset.parquet
      hash: md5
      md5: bc237833c9ceab972308b563cfaf3b11
      size: 15023178
    - path: src/features/build_features.py
      hash: md5
      md5: 5d71795c73120cd3f79a2dd4f24ed26b
      size: 1910
    - path: src/models/vector_builder.py
      hash: md5
      md5: fa1927913e6049e5f76da09fe91e7b37
      size: 361
    outs:
    - path: models/intfloat/multilingual-e5-small/vectors.cloudpickle
      hash: md5
      md5: eb9926dc07b1e2011c7234bbb8bbc8a0
      size: 62673811
  build_vector_db@intfloat/multilingual-e5-small:
    cmd: poetry run python -m src.features.build_vector_db models/intfloat/multilingual-e5-small/vectors.cloudpickle
      models/intfloat/multilingual-e5-small/engine.cloudpickle --mlflow_run_name=pipeline
    deps:
    - path: models/intfloat/multilingual-e5-small/vectors.cloudpickle
      hash: md5
      md5: eb9926dc07b1e2011c7234bbb8bbc8a0
      size: 62673811
    - path: src/features/build_vector_db.py
      hash: md5
      md5: 8fe3e948b1f64fc2153f1dae1ef85d6e
      size: 1844
    - path: src/models/vector_engine.py
      hash: md5
      md5: 9f128fccd0c53da38f04a6584aba9c19
      size: 4204
    outs:
    - path: models/intfloat/multilingual-e5-small/engine.cloudpickle
      hash: md5
      md5: 94e54d85f430ece3b32c4af0d3908d1c
      size: 34043377
  recommend@intfloat/multilingual-e5-small:
    cmd: poetry run python -m src.models.recommend models/intfloat/multilingual-e5-small/engine.cloudpickle
      --mlflow_run_name=pipeline --model_name_or_filepath=intfloat/multilingual-e5-small
    deps:
    - path: models/intfloat/multilingual-e5-small/engine.cloudpickle
      hash: md5
      md5: 94e54d85f430ece3b32c4af0d3908d1c
      size: 34043377
    - path: src/models/recommend.py
      hash: md5
      md5: 96febe76b808ef16bd54f75b1ff92d97
      size: 1902
    - path: src/models/vector_builder.py
      hash: md5
      md5: fa1927913e6049e5f76da09fe91e7b37
      size: 361
    - path: src/models/vector_engine.py
      hash: md5
      md5: 9f128fccd0c53da38f04a6584aba9c19
      size: 4204
  build_vectors@intfloat/multilingual-e5-base:
    cmd: poetry run python -m src.features.build_features data/interim/dataset.parquet
      models/intfloat/multilingual-e5-base/vectors.cloudpickle --mlflow_run_name=pipeline
      --model_name_or_filepath=intfloat/multilingual-e5-base
    deps:
    - path: data/interim/dataset.parquet
      hash: md5
      md5: bc237833c9ceab972308b563cfaf3b11
      size: 15023178
    - path: src/features/build_features.py
      hash: md5
      md5: 5d71795c73120cd3f79a2dd4f24ed26b
      size: 1910
    - path: src/models/vector_builder.py
      hash: md5
      md5: fa1927913e6049e5f76da09fe91e7b37
      size: 361
    outs:
    - path: models/intfloat/multilingual-e5-base/vectors.cloudpickle
      hash: md5
      md5: 47cc90ba6b31951591f523c535d98cfa
      size: 73989523
  build_vectors@intfloat/multilingual-e5-large:
    cmd: poetry run python -m src.features.build_features data/interim/dataset.parquet
      models/intfloat/multilingual-e5-large/vectors.cloudpickle --mlflow_run_name=pipeline
      --model_name_or_filepath=intfloat/multilingual-e5-large
    deps:
    - path: data/interim/dataset.parquet
      hash: md5
      md5: bc237833c9ceab972308b563cfaf3b11
      size: 15023178
    - path: src/features/build_features.py
      hash: md5
      md5: 5d71795c73120cd3f79a2dd4f24ed26b
      size: 1910
    - path: src/models/vector_builder.py
      hash: md5
      md5: fa1927913e6049e5f76da09fe91e7b37
      size: 361
    outs:
    - path: models/intfloat/multilingual-e5-large/vectors.cloudpickle
      hash: md5
      md5: 572702e6fb62b02487f43f7cbce2ca97
      size: 81533331
  build_vector_db@intfloat/multilingual-e5-base:
    cmd: poetry run python -m src.features.build_vector_db models/intfloat/multilingual-e5-base/vectors.cloudpickle
      models/intfloat/multilingual-e5-base/engine.cloudpickle --mlflow_run_name=pipeline
    deps:
    - path: models/intfloat/multilingual-e5-base/vectors.cloudpickle
      hash: md5
      md5: 47cc90ba6b31951591f523c535d98cfa
      size: 73989523
    - path: src/features/build_vector_db.py
      hash: md5
      md5: 8fe3e948b1f64fc2153f1dae1ef85d6e
      size: 1844
    - path: src/models/vector_engine.py
      hash: md5
      md5: 9f128fccd0c53da38f04a6584aba9c19
      size: 4204
    outs:
    - path: models/intfloat/multilingual-e5-base/engine.cloudpickle
      hash: md5
      md5: f42d2efbcd8b08b2f6d152dcb7629b1e
      size: 67990513
  build_vector_db@intfloat/multilingual-e5-large:
    cmd: poetry run python -m src.features.build_vector_db models/intfloat/multilingual-e5-large/vectors.cloudpickle
      models/intfloat/multilingual-e5-large/engine.cloudpickle --mlflow_run_name=pipeline
    deps:
    - path: models/intfloat/multilingual-e5-large/vectors.cloudpickle
      hash: md5
      md5: 572702e6fb62b02487f43f7cbce2ca97
      size: 81533331
    - path: src/features/build_vector_db.py
      hash: md5
      md5: 8fe3e948b1f64fc2153f1dae1ef85d6e
      size: 1844
    - path: src/models/vector_engine.py
      hash: md5
      md5: 9f128fccd0c53da38f04a6584aba9c19
      size: 4204
    outs:
    - path: models/intfloat/multilingual-e5-large/engine.cloudpickle
      hash: md5
      md5: 0059c7e6b9cadda5c5edea5c25980ca8
      size: 90621937
  build_vector_db@oshizo/sbert-jsnli-luke-japanese-base-lite:
    cmd: poetry run python -m src.features.build_vector_db models/oshizo/sbert-jsnli-luke-japanese-base-lite/vectors.cloudpickle
      models/oshizo/sbert-jsnli-luke-japanese-base-lite/engine.cloudpickle --mlflow_run_name=pipeline
    deps:
    - path: models/oshizo/sbert-jsnli-luke-japanese-base-lite/vectors.cloudpickle
      hash: md5
      md5: 637a0473bc66601c344922083d052bc7
      size: 73989523
    - path: src/features/build_vector_db.py
      hash: md5
      md5: 8fe3e948b1f64fc2153f1dae1ef85d6e
      size: 1844
    - path: src/models/vector_engine.py
      hash: md5
      md5: 9f128fccd0c53da38f04a6584aba9c19
      size: 4204
    outs:
    - path: models/oshizo/sbert-jsnli-luke-japanese-base-lite/engine.cloudpickle
      hash: md5
      md5: d83429b77bf3363fa3eab7fa4de787a4
      size: 67990513
  recommend@intfloat/multilingual-e5-base:
    cmd: poetry run python -m src.models.recommend models/intfloat/multilingual-e5-base/engine.cloudpickle
      --mlflow_run_name=pipeline --model_name_or_filepath=intfloat/multilingual-e5-base
    deps:
    - path: models/intfloat/multilingual-e5-base/engine.cloudpickle
      hash: md5
      md5: f42d2efbcd8b08b2f6d152dcb7629b1e
      size: 67990513
    - path: src/models/recommend.py
      hash: md5
      md5: 96febe76b808ef16bd54f75b1ff92d97
      size: 1902
    - path: src/models/vector_builder.py
      hash: md5
      md5: fa1927913e6049e5f76da09fe91e7b37
      size: 361
    - path: src/models/vector_engine.py
      hash: md5
      md5: 9f128fccd0c53da38f04a6584aba9c19
      size: 4204
  recommend@intfloat/multilingual-e5-large:
    cmd: poetry run python -m src.models.recommend models/intfloat/multilingual-e5-large/engine.cloudpickle
      --mlflow_run_name=pipeline --model_name_or_filepath=intfloat/multilingual-e5-large
    deps:
    - path: models/intfloat/multilingual-e5-large/engine.cloudpickle
      hash: md5
      md5: 0059c7e6b9cadda5c5edea5c25980ca8
      size: 90621937
    - path: src/models/recommend.py
      hash: md5
      md5: 96febe76b808ef16bd54f75b1ff92d97
      size: 1902
    - path: src/models/vector_builder.py
      hash: md5
      md5: fa1927913e6049e5f76da09fe91e7b37
      size: 361
    - path: src/models/vector_engine.py
      hash: md5
      md5: 9f128fccd0c53da38f04a6584aba9c19
      size: 4204
  build_vectors@sentence-transformers/paraphrase-multilingual-MiniLM-L12-v2:
    cmd: poetry run python -m src.features.build_features data/interim/dataset.parquet
      models/sentence-transformers/paraphrase-multilingual-MiniLM-L12-v2/vectors.cloudpickle
      --mlflow_run_name=pipeline 
      --model_name_or_filepath=sentence-transformers/paraphrase-multilingual-MiniLM-L12-v2
    deps:
    - path: data/interim/dataset.parquet
      hash: md5
      md5: bc237833c9ceab972308b563cfaf3b11
      size: 15023178
    - path: src/features/build_features.py
      hash: md5
      md5: 5d71795c73120cd3f79a2dd4f24ed26b
      size: 1910
    - path: src/models/vector_builder.py
      hash: md5
      md5: fa1927913e6049e5f76da09fe91e7b37
      size: 361
    outs:
    - path: 
        models/sentence-transformers/paraphrase-multilingual-MiniLM-L12-v2/vectors.cloudpickle
      hash: md5
      md5: bc578ff7021f56d28f23df2289f2be6f
      size: 62673811
  build_vector_db@sentence-transformers/paraphrase-multilingual-MiniLM-L12-v2:
    cmd: poetry run python -m src.features.build_vector_db 
      models/sentence-transformers/paraphrase-multilingual-MiniLM-L12-v2/vectors.cloudpickle
      models/sentence-transformers/paraphrase-multilingual-MiniLM-L12-v2/engine.cloudpickle
      --mlflow_run_name=pipeline
    deps:
    - path: 
        models/sentence-transformers/paraphrase-multilingual-MiniLM-L12-v2/vectors.cloudpickle
      hash: md5
      md5: bc578ff7021f56d28f23df2289f2be6f
      size: 62673811
    - path: src/features/build_vector_db.py
      hash: md5
      md5: 8fe3e948b1f64fc2153f1dae1ef85d6e
      size: 1844
    - path: src/models/vector_engine.py
      hash: md5
      md5: 9f128fccd0c53da38f04a6584aba9c19
      size: 4204
    outs:
    - path: 
        models/sentence-transformers/paraphrase-multilingual-MiniLM-L12-v2/engine.cloudpickle
      hash: md5
      md5: 93dec1fa14d7ed901431245412b1040d
      size: 34043377
  recommend@sentence-transformers/paraphrase-multilingual-MiniLM-L12-v2:
    cmd: poetry run python -m src.models.recommend 
      models/sentence-transformers/paraphrase-multilingual-MiniLM-L12-v2/engine.cloudpickle
      --mlflow_run_name=pipeline 
      --model_name_or_filepath=sentence-transformers/paraphrase-multilingual-MiniLM-L12-v2
    deps:
    - path: 
        models/sentence-transformers/paraphrase-multilingual-MiniLM-L12-v2/engine.cloudpickle
      hash: md5
      md5: 93dec1fa14d7ed901431245412b1040d
      size: 34043377
    - path: src/models/recommend.py
      hash: md5
      md5: 96febe76b808ef16bd54f75b1ff92d97
      size: 1902
    - path: src/models/vector_builder.py
      hash: md5
      md5: fa1927913e6049e5f76da09fe91e7b37
      size: 361
    - path: src/models/vector_engine.py
      hash: md5
      md5: 9f128fccd0c53da38f04a6584aba9c19
      size: 4204
  build_vectors@oshizo/sbert-jsnli-luke-japanese-base-lite-head_only:
    cmd: poetry run python -m src.features.build_features data/interim/dataset.parquet
      models/oshizo/sbert-jsnli-luke-japanese-base-lite/vectors_head_only.cloudpickle
      --mlflow_run_name=pipeline --model_name_or_filepath=oshizo/sbert-jsnli-luke-japanese-base-lite
      --embedding_method=head_only
    deps:
    - path: data/interim/dataset.parquet
      hash: md5
      md5: bc237833c9ceab972308b563cfaf3b11
      size: 15023178
    - path: src/features/build_features.py
      hash: md5
      md5: d1abfe414d96e1baa852161d9e91d6eb
      size: 2084
    - path: src/models/embedder.py
      hash: md5
      md5: 07739ff77d0ec7b83eb2b30bca54d3d7
      size: 6567
    outs:
    - path: models/oshizo/sbert-jsnli-luke-japanese-base-lite/vectors_head_only.cloudpickle
      hash: md5
      md5: d3f94ae0293a3d16e20e4acae6d4f2d2
      size: 73989523
  build_vector_db@oshizo/sbert-jsnli-luke-japanese-base-lite-head_only:
    cmd: poetry run python -m src.features.build_vector_db 
      models/oshizo/sbert-jsnli-luke-japanese-base-lite/sentences_head_only.cloudpickle
      models/oshizo/sbert-jsnli-luke-japanese-base-lite/embeddings_head_only.cloudpickle
      models/oshizo/sbert-jsnli-luke-japanese-base-lite/engine_head_only.cloudpickle
      --mlflow_run_name=pipeline
    deps:
    - path: 
        models/oshizo/sbert-jsnli-luke-japanese-base-lite/embeddings_head_only.cloudpickle
      hash: md5
      md5: bcd0daf1524b5c299116d3472232dae7
      size: 92298
    - path: 
        models/oshizo/sbert-jsnli-luke-japanese-base-lite/sentences_head_only.cloudpickle
      hash: md5
      md5: c171ff2794839915ad207819c3ea2321
      size: 151481
    - path: src/features/build_vector_db.py
      hash: md5
      md5: edde72f0394b5b550920b5c8167be3fa
      size: 1817
    - path: src/models/search_engine/
      hash: md5
      md5: 40b82155d21ff673e69fbb296db12baf.dir
      size: 32299
      nfiles: 8
    outs:
    - path: models/oshizo/sbert-jsnli-luke-japanese-base-lite/engine_head_only.cloudpickle
      hash: md5
      md5: 4b9ecfe04bae415107c1881fe1e75de4
      size: 277434
  build_sentences_and_embeddings@oshizo/sbert-jsnli-luke-japanese-base-lite-chunk_split-10:
    cmd: poetry run python -m src.features.build_features data/interim/dataset.parquet
      models/oshizo/sbert-jsnli-luke-japanese-base-lite/sentences_chunk_split.cloudpickle
      models/oshizo/sbert-jsnli-luke-japanese-base-lite/embeddings_chunk_split.cloudpickle
      --mlflow_run_name=pipeline --model_name_or_filepath=oshizo/sbert-jsnli-luke-japanese-base-lite
      --embedding_method=chunk_split --limit_sentence_size=10
    deps:
    - path: data/interim/dataset.parquet
      hash: md5
      md5: bc237833c9ceab972308b563cfaf3b11
      size: 15023178
    - path: src/features/build_features.py
      hash: md5
      md5: 421d4aa7d2ba1dab2dda0b64e1c718a9
      size: 2534
    - path: src/models/embedder.py
      hash: md5
      md5: 49e1bdf97565daee8256e146d45a93bc
      size: 6916
    - path: src/models/vector_engine.py
      hash: md5
      md5: 854c663bbe137652a813c1aaa4764d4d
      size: 4581
    outs:
    - path: 
        models/oshizo/sbert-jsnli-luke-japanese-base-lite/embeddings_chunk_split.cloudpickle
      hash: md5
      md5: 3cd1ec703a3bfdf5ec7848c71383dfb9
      size: 61569
    - path: 
        models/oshizo/sbert-jsnli-luke-japanese-base-lite/sentences_chunk_split.cloudpickle
      hash: md5
      md5: 1663b3619083cf679055bef945b7d725
      size: 74847
  build_sentences_and_embeddings@oshizo/sbert-jsnli-luke-japanese-base-lite-head_only-10:
    cmd: poetry run python -m src.features.build_features data/interim/dataset.parquet
      models/oshizo/sbert-jsnli-luke-japanese-base-lite/sentences_head_only.cloudpickle
      models/oshizo/sbert-jsnli-luke-japanese-base-lite/embeddings_head_only.cloudpickle
      --mlflow_run_name=pipeline --model_name_or_filepath=oshizo/sbert-jsnli-luke-japanese-base-lite
      --embedding_method=head_only --limit_sentence_size=10
    deps:
    - path: data/interim/dataset.parquet
      hash: md5
      md5: bc237833c9ceab972308b563cfaf3b11
      size: 15023178
    - path: src/features/build_features.py
      hash: md5
      md5: 421d4aa7d2ba1dab2dda0b64e1c718a9
      size: 2534
    - path: src/models/embedder.py
      hash: md5
      md5: 49e1bdf97565daee8256e146d45a93bc
      size: 6916
    - path: src/models/vector_engine.py
      hash: md5
      md5: 854c663bbe137652a813c1aaa4764d4d
      size: 4581
    outs:
    - path: 
        models/oshizo/sbert-jsnli-luke-japanese-base-lite/embeddings_head_only.cloudpickle
      hash: md5
      md5: 26083b9dc803b7f591abad12783d5146
      size: 30849
    - path: 
        models/oshizo/sbert-jsnli-luke-japanese-base-lite/sentences_head_only.cloudpickle
      hash: md5
      md5: 1663b3619083cf679055bef945b7d725
      size: 74847
  build_vector_db@oshizo/sbert-jsnli-luke-japanese-base-lite-chunk_split:
    cmd: poetry run python -m src.features.build_vector_db 
      models/oshizo/sbert-jsnli-luke-japanese-base-lite/sentences_chunk_split.cloudpickle
      models/oshizo/sbert-jsnli-luke-japanese-base-lite/embeddings_chunk_split.cloudpickle
      models/oshizo/sbert-jsnli-luke-japanese-base-lite/engine_chunk_split.cloudpickle
      --mlflow_run_name=pipeline
    deps:
    - path: 
        models/oshizo/sbert-jsnli-luke-japanese-base-lite/embeddings_chunk_split.cloudpickle
      hash: md5
      md5: eb2b8475888c0ba5f11c7be24b289b7d
      size: 184458
    - path: 
        models/oshizo/sbert-jsnli-luke-japanese-base-lite/sentences_chunk_split.cloudpickle
      hash: md5
      md5: c171ff2794839915ad207819c3ea2321
      size: 151481
    - path: src/features/build_vector_db.py
      hash: md5
      md5: edde72f0394b5b550920b5c8167be3fa
      size: 1817
    - path: src/models/search_engine/
      hash: md5
      md5: 40b82155d21ff673e69fbb296db12baf.dir
      size: 32299
      nfiles: 8
    outs:
    - path: models/oshizo/sbert-jsnli-luke-japanese-base-lite/engine_chunk_split.cloudpickle
      hash: md5
      md5: 6405f3ff1f18e487901d867af44d3134
      size: 461754
  recommend@oshizo/sbert-jsnli-luke-japanese-base-lite-chunk_split:
    cmd: poetry run python -m src.models.recommend models/oshizo/sbert-jsnli-luke-japanese-base-lite/engine_chunk_split.cloudpickle
      --mlflow_run_name=pipeline --model_name_or_filepath=oshizo/sbert-jsnli-luke-japanese-base-lite
    deps:
    - path: models/oshizo/sbert-jsnli-luke-japanese-base-lite/engine_chunk_split.cloudpickle
      hash: md5
      md5: 6405f3ff1f18e487901d867af44d3134
      size: 461754
    - path: src/models/embedding/
      hash: md5
      md5: f1c8f44c611fb72f60dbddf699d76f43.dir
      size: 31936
      nfiles: 10
    - path: src/models/recommend.py
      hash: md5
      md5: 4ca432c267f58c6b2083f25f7cf363b7
      size: 2253
    - path: src/models/search_engine/
      hash: md5
      md5: 40b82155d21ff673e69fbb296db12baf.dir
      size: 32299
      nfiles: 8
  recommend@oshizo/sbert-jsnli-luke-japanese-base-lite-head_only:
    cmd: poetry run python -m src.models.recommend models/oshizo/sbert-jsnli-luke-japanese-base-lite/engine_head_only.cloudpickle
      --mlflow_run_name=pipeline --model_name_or_filepath=oshizo/sbert-jsnli-luke-japanese-base-lite
    deps:
    - path: models/oshizo/sbert-jsnli-luke-japanese-base-lite/engine_head_only.cloudpickle
      hash: md5
      md5: 4b9ecfe04bae415107c1881fe1e75de4
      size: 277434
    - path: src/models/embedding/
      hash: md5
      md5: f1c8f44c611fb72f60dbddf699d76f43.dir
      size: 31936
      nfiles: 10
    - path: src/models/recommend.py
      hash: md5
      md5: 4ca432c267f58c6b2083f25f7cf363b7
      size: 2253
    - path: src/models/search_engine/
      hash: md5
      md5: 40b82155d21ff673e69fbb296db12baf.dir
      size: 32299
      nfiles: 8
  build_sentences_and_embeddings@oshizo/sbert-jsnli-luke-japanese-base-lite-chunk_split:
    cmd: poetry run python -m src.features.build_features data/interim/dataset.parquet
      models/oshizo/sbert-jsnli-luke-japanese-base-lite/sentences_chunk_split.cloudpickle
      models/oshizo/sbert-jsnli-luke-japanese-base-lite/embeddings_chunk_split.cloudpickle
      --mlflow_run_name=pipeline --model_name_or_filepath=oshizo/sbert-jsnli-luke-japanese-base-lite
      --chunking_method=chunk_split --limit_sentence_size=30
    deps:
    - path: data/interim/dataset.parquet
      hash: md5
      md5: bc237833c9ceab972308b563cfaf3b11
      size: 15023178
    - path: src/features/build_features.py
      hash: md5
      md5: a868840709e90fb841722e7b127de14d
      size: 2655
    - path: src/models/embedding/
      hash: md5
      md5: f1c8f44c611fb72f60dbddf699d76f43.dir
      size: 31936
      nfiles: 10
    - path: src/models/search_engine/
      hash: md5
      md5: 40b82155d21ff673e69fbb296db12baf.dir
      size: 32299
      nfiles: 8
    outs:
    - path: 
        models/oshizo/sbert-jsnli-luke-japanese-base-lite/embeddings_chunk_split.cloudpickle
      hash: md5
      md5: eb2b8475888c0ba5f11c7be24b289b7d
      size: 184458
    - path: 
        models/oshizo/sbert-jsnli-luke-japanese-base-lite/sentences_chunk_split.cloudpickle
      hash: md5
      md5: c171ff2794839915ad207819c3ea2321
      size: 151481
  build_sentences_and_embeddings@oshizo/sbert-jsnli-luke-japanese-base-lite-head_only:
    cmd: poetry run python -m src.features.build_features data/interim/dataset.parquet
      models/oshizo/sbert-jsnli-luke-japanese-base-lite/sentences_head_only.cloudpickle
      models/oshizo/sbert-jsnli-luke-japanese-base-lite/embeddings_head_only.cloudpickle
      --mlflow_run_name=pipeline --model_name_or_filepath=oshizo/sbert-jsnli-luke-japanese-base-lite
      --chunking_method=head_only --limit_sentence_size=30
    deps:
    - path: data/interim/dataset.parquet
      hash: md5
      md5: bc237833c9ceab972308b563cfaf3b11
      size: 15023178
    - path: src/features/build_features.py
      hash: md5
      md5: a868840709e90fb841722e7b127de14d
      size: 2655
    - path: src/models/embedding/
      hash: md5
      md5: f1c8f44c611fb72f60dbddf699d76f43.dir
      size: 31936
      nfiles: 10
    - path: src/models/search_engine/
      hash: md5
      md5: 40b82155d21ff673e69fbb296db12baf.dir
      size: 32299
      nfiles: 8
    outs:
    - path: 
        models/oshizo/sbert-jsnli-luke-japanese-base-lite/embeddings_head_only.cloudpickle
      hash: md5
      md5: bcd0daf1524b5c299116d3472232dae7
      size: 92298
    - path: 
        models/oshizo/sbert-jsnli-luke-japanese-base-lite/sentences_head_only.cloudpickle
      hash: md5
      md5: c171ff2794839915ad207819c3ea2321
      size: 151481
  build_sentences_and_embeddings@sonoisa/sentence-bert-base-ja-mean-tokens-v2-head_only:
    cmd: poetry run python -m src.features.build_features data/interim/dataset.parquet
      models/sonoisa/sentence-bert-base-ja-mean-tokens-v2/sentences_head_only.cloudpickle
      models/sonoisa/sentence-bert-base-ja-mean-tokens-v2/embeddings_head_only.cloudpickle
      --mlflow_run_name=pipeline --model_name_or_filepath=sonoisa/sentence-bert-base-ja-mean-tokens-v2
      --embedding_method=head_only --limit_sentence_size=30
    deps:
    - path: data/interim/dataset.parquet
      hash: md5
      md5: bc237833c9ceab972308b563cfaf3b11
      size: 15023178
    - path: src/features/build_features.py
      hash: md5
      md5: 2c42093ef32bde626e265a69fa810a73
      size: 2657
    - path: src/models/embedding/
      hash: md5
      md5: 31d70bc334de40a3f8f0a0f6355c5076.dir
      size: 25708
      nfiles: 8
    - path: src/models/search_engine/
      hash: md5
      md5: 5b864d310a5207f4e0b25ff2ce8ab980.dir
      size: 32299
      nfiles: 8
    outs:
    - path: 
        models/sonoisa/sentence-bert-base-ja-mean-tokens-v2/embeddings_head_only.cloudpickle
      hash: md5
      md5: 12f9bb8f3c902e8897e803785bf788f9
      size: 92298
    - path: 
        models/sonoisa/sentence-bert-base-ja-mean-tokens-v2/sentences_head_only.cloudpickle
      hash: md5
      md5: c171ff2794839915ad207819c3ea2321
      size: 151481
  build_vector_db@sonoisa/sentence-bert-base-ja-mean-tokens-v2-head_only:
    cmd: poetry run python -m src.features.build_vector_db 
      models/sonoisa/sentence-bert-base-ja-mean-tokens-v2/sentences_head_only.cloudpickle
      models/sonoisa/sentence-bert-base-ja-mean-tokens-v2/embeddings_head_only.cloudpickle
      models/sonoisa/sentence-bert-base-ja-mean-tokens-v2/engine_head_only.cloudpickle
      --mlflow_run_name=pipeline
    deps:
    - path: 
        models/sonoisa/sentence-bert-base-ja-mean-tokens-v2/embeddings_head_only.cloudpickle
      hash: md5
      md5: 12f9bb8f3c902e8897e803785bf788f9
      size: 92298
    - path: 
        models/sonoisa/sentence-bert-base-ja-mean-tokens-v2/sentences_head_only.cloudpickle
      hash: md5
      md5: c171ff2794839915ad207819c3ea2321
      size: 151481
    - path: src/features/build_vector_db.py
      hash: md5
      md5: edde72f0394b5b550920b5c8167be3fa
      size: 1817
    - path: src/models/search_engine/
      hash: md5
      md5: 5b864d310a5207f4e0b25ff2ce8ab980.dir
      size: 32299
      nfiles: 8
    outs:
    - path: models/sonoisa/sentence-bert-base-ja-mean-tokens-v2/engine_head_only.cloudpickle
      hash: md5
      md5: 33a8ce0f07bcf79c01d013a2f11274a0
      size: 277434
  recommend@sonoisa/sentence-bert-base-ja-mean-tokens-v2-head_only:
    cmd: poetry run python -m src.models.recommend models/sonoisa/sentence-bert-base-ja-mean-tokens-v2/engine_head_only.cloudpickle
      --mlflow_run_name=pipeline --model_name_or_filepath=sonoisa/sentence-bert-base-ja-mean-tokens-v2
    deps:
    - path: models/sonoisa/sentence-bert-base-ja-mean-tokens-v2/engine_head_only.cloudpickle
      hash: md5
      md5: 33a8ce0f07bcf79c01d013a2f11274a0
      size: 277434
    - path: src/models/embedding/
      hash: md5
      md5: 31d70bc334de40a3f8f0a0f6355c5076.dir
      size: 25708
      nfiles: 8
    - path: src/models/recommend.py
      hash: md5
      md5: da5eb353675c4df31aea6929f01f4b23
      size: 2253
    - path: src/models/search_engine/
      hash: md5
      md5: 5b864d310a5207f4e0b25ff2ce8ab980.dir
      size: 32299
      nfiles: 8
  build_token_list:
    cmd: poetry run python -m src.features.build_token_list data/interim/dataset.parquet
      data/interim/tokens.cloudpickle --mlflow_run_name=pipeline
    deps:
    - path: data/interim/dataset.parquet
      hash: md5
      md5: bc237833c9ceab972308b563cfaf3b11
      size: 15023178
    - path: src/features/build_token_list.py
      hash: md5
      md5: 201af465fd18320c5af86368218d259d
      size: 2431
    outs:
    - path: data/interim/tokens.cloudpickle
      hash: md5
      md5: 77dd3ffa3be83237fe5c95eb4451fbfb
      size: 18872150
  train_word2vec:
    cmd: poetry run python -m src.models.train_w2v_model data/interim/tokens.cloudpickle
      models/Word2Vec/base_dict/w2v.bin models/Word2Vec/base_dict/kv.bin
    deps:
    - path: data/interim/tokens.cloudpickle
      hash: md5
      md5: 77dd3ffa3be83237fe5c95eb4451fbfb
      size: 18872150
    - path: src/models/train_w2v_model.py
      hash: md5
      md5: 7c4b648c819194f8a255b45d8f9f565e
      size: 1972
    outs:
    - path: models/Word2Vec/base_dict/kv.bin
      hash: md5
      md5: 988260506cc3a5d3d1123b591c63a32b
      size: 31001700
    - path: models/Word2Vec/base_dict/w2v.bin
      hash: md5
      md5: bfb9877fdd035f3ce5404ab9f9b0fb2a
      size: 62326634
  build_sentences_and_embeddings@SentenceTransformer-oshizo/sbert-jsnli-luke-japanese-base-lite-chunk_split:
    cmd: poetry run python -m src.features.build_features data/interim/dataset.parquet
      models/SentenceTransformer/oshizo/sbert-jsnli-luke-japanese-base-lite/sentences_chunk_split.cloudpickle
      models/SentenceTransformer/oshizo/sbert-jsnli-luke-japanese-base-lite/embeddings_chunk_split.cloudpickle
      --mlflow_run_name=pipeline --model_name_or_filepath=oshizo/sbert-jsnli-luke-japanese-base-lite
      --embedding_storategy=SentenceTransformer --chunk_method=chunk_split --limit_sentence_size=30
    deps:
    - path: data/interim/dataset.parquet
      hash: md5
      md5: bc237833c9ceab972308b563cfaf3b11
      size: 15023178
    - path: models/Word2Vec/base_dict/kv.bin
      hash: md5
      md5: 077fb4d454167c971c5582e53e6d2b85
      size: 31001700
    - path: src/features/build_features.py
      hash: md5
      md5: 21ab13d4b081a3e8ca7bee00082e6356
      size: 2758
    - path: src/models/embedding/
      hash: md5
      md5: 583751688d578553f985e1af4132e744.dir
      size: 33405
      nfiles: 10
    - path: src/models/search_engine/
      hash: md5
      md5: 40b82155d21ff673e69fbb296db12baf.dir
      size: 32299
      nfiles: 8
    outs:
    - path: 
        models/SentenceTransformer/oshizo/sbert-jsnli-luke-japanese-base-lite/embeddings_chunk_split.cloudpickle
      hash: md5
      md5: eb2b8475888c0ba5f11c7be24b289b7d
      size: 184458
    - path: 
        models/SentenceTransformer/oshizo/sbert-jsnli-luke-japanese-base-lite/sentences_chunk_split.cloudpickle
      hash: md5
      md5: c171ff2794839915ad207819c3ea2321
      size: 151481
  build_sentences_and_embeddings@Word2Vec-models/Word2Vec/base_dict/kv.bin-chunk_split:
    cmd: poetry run python -m src.features.build_features data/interim/dataset.parquet
      models/Word2Vec/models/Word2Vec/base_dict/kv.bin/sentences_chunk_split.cloudpickle
      models/Word2Vec/models/Word2Vec/base_dict/kv.bin/embeddings_chunk_split.cloudpickle
      --mlflow_run_name=pipeline --model_name_or_filepath=models/Word2Vec/base_dict/kv.bin
      --embedding_storategy=Word2Vec --chunk_method=chunk_split --limit_sentence_size=30
    deps:
    - path: data/interim/dataset.parquet
      hash: md5
      md5: bc237833c9ceab972308b563cfaf3b11
      size: 15023178
    - path: models/Word2Vec/base_dict/kv.bin
      hash: md5
      md5: 2333b31415b10440cb16ea21e51ea43f
      size: 31001700
    - path: src/features/build_features.py
      hash: md5
      md5: 21ab13d4b081a3e8ca7bee00082e6356
      size: 2758
    - path: src/models/embedding/
      hash: md5
      md5: ef7bc930af1f73c099a16bcc9182324d.dir
      size: 33395
      nfiles: 10
    - path: src/models/search_engine/
      hash: md5
      md5: 40b82155d21ff673e69fbb296db12baf.dir
      size: 32299
      nfiles: 8
    outs:
    - path: 
        models/Word2Vec/models/Word2Vec/base_dict/kv.bin/embeddings_chunk_split.cloudpickle
      hash: md5
      md5: 84d408a1bcef4322319fd2084b63f3d0
      size: 72138
    - path: 
        models/Word2Vec/models/Word2Vec/base_dict/kv.bin/sentences_chunk_split.cloudpickle
      hash: md5
      md5: c171ff2794839915ad207819c3ea2321
      size: 151481
  build_vector_db@Word2Vec-models/Word2Vec/base_dict/kv.bin-chunk_split:
    cmd: poetry run python -m src.features.build_vector_db 
      models/Word2Vec/models/Word2Vec/base_dict/kv.bin/sentences_chunk_split.cloudpickle
      models/Word2Vec/models/Word2Vec/base_dict/kv.bin/embeddings_chunk_split.cloudpickle
      models/Word2Vec/models/Word2Vec/base_dict/kv.bin/engine_chunk_split.cloudpickle
      --mlflow_run_name=pipeline
    deps:
    - path: 
        models/Word2Vec/models/Word2Vec/base_dict/kv.bin/embeddings_chunk_split.cloudpickle
      hash: md5
      md5: 84d408a1bcef4322319fd2084b63f3d0
      size: 72138
    - path: 
        models/Word2Vec/models/Word2Vec/base_dict/kv.bin/sentences_chunk_split.cloudpickle
      hash: md5
      md5: c171ff2794839915ad207819c3ea2321
      size: 151481
    - path: src/features/build_vector_db.py
      hash: md5
      md5: edde72f0394b5b550920b5c8167be3fa
      size: 1817
    - path: src/models/search_engine/
      hash: md5
      md5: 40b82155d21ff673e69fbb296db12baf.dir
      size: 32299
      nfiles: 8
    outs:
    - path: models/Word2Vec/models/Word2Vec/base_dict/kv.bin/engine_chunk_split.cloudpickle
      hash: md5
      md5: 5bbb7ba7fa1c22ec2a15efb026bdb1c1
      size: 180945
  recommend@Word2Vec-models/Word2Vec/base_dict/kv.bin-chunk_split:
    cmd: poetry run python -m src.models.recommend models/Word2Vec/models/Word2Vec/base_dict/kv.bin/engine_chunk_split.cloudpickle
      --mlflow_run_name=pipeline --model_name_or_filepath=models/Word2Vec/base_dict/kv.bin
      --embedding_storategy=Word2Vec
    deps:
    - path: models/Word2Vec/models/Word2Vec/base_dict/kv.bin/engine_chunk_split.cloudpickle
      hash: md5
      md5: 5bbb7ba7fa1c22ec2a15efb026bdb1c1
      size: 180945
    - path: src/models/embedding/
      hash: md5
      md5: ef7bc930af1f73c099a16bcc9182324d.dir
      size: 33395
      nfiles: 10
    - path: src/models/recommend.py
      hash: md5
      md5: db13fc49e519fc8ff354bd37f7f2ef65
      size: 2516
    - path: src/models/search_engine/
      hash: md5
      md5: 40b82155d21ff673e69fbb296db12baf.dir
      size: 32299
      nfiles: 8
  build_vector_db@SentenceTransformer-oshizo/sbert-jsnli-luke-japanese-base-lite-chunk_split:
    cmd: poetry run python -m src.features.build_vector_db 
      models/SentenceTransformer/oshizo/sbert-jsnli-luke-japanese-base-lite/sentences_chunk_split.cloudpickle
      models/SentenceTransformer/oshizo/sbert-jsnli-luke-japanese-base-lite/embeddings_chunk_split.cloudpickle
      models/SentenceTransformer/oshizo/sbert-jsnli-luke-japanese-base-lite/engine_chunk_split.cloudpickle
      --mlflow_run_name=pipeline
    deps:
    - path: 
        models/SentenceTransformer/oshizo/sbert-jsnli-luke-japanese-base-lite/embeddings_chunk_split.cloudpickle
      hash: md5
      md5: eb2b8475888c0ba5f11c7be24b289b7d
      size: 184458
    - path: 
        models/SentenceTransformer/oshizo/sbert-jsnli-luke-japanese-base-lite/sentences_chunk_split.cloudpickle
      hash: md5
      md5: c171ff2794839915ad207819c3ea2321
      size: 151481
    - path: src/features/build_vector_db.py
      hash: md5
      md5: edde72f0394b5b550920b5c8167be3fa
      size: 1817
    - path: src/models/search_engine/
      hash: md5
      md5: 40b82155d21ff673e69fbb296db12baf.dir
      size: 32299
      nfiles: 8
    outs:
    - path: 
        models/SentenceTransformer/oshizo/sbert-jsnli-luke-japanese-base-lite/engine_chunk_split.cloudpickle
      hash: md5
      md5: 6405f3ff1f18e487901d867af44d3134
      size: 461754
  recommend@SentenceTransformer-oshizo/sbert-jsnli-luke-japanese-base-lite-chunk_split:
    cmd: poetry run python -m src.models.recommend 
      models/SentenceTransformer/oshizo/sbert-jsnli-luke-japanese-base-lite/engine_chunk_split.cloudpickle
      --mlflow_run_name=pipeline --model_name_or_filepath=oshizo/sbert-jsnli-luke-japanese-base-lite
      --embedding_storategy=SentenceTransformer
    deps:
    - path: 
        models/SentenceTransformer/oshizo/sbert-jsnli-luke-japanese-base-lite/engine_chunk_split.cloudpickle
      hash: md5
      md5: 6405f3ff1f18e487901d867af44d3134
      size: 461754
    - path: src/models/embedding/
      hash: md5
      md5: 583751688d578553f985e1af4132e744.dir
      size: 33405
      nfiles: 10
    - path: src/models/recommend.py
      hash: md5
      md5: db13fc49e519fc8ff354bd37f7f2ef65
      size: 2516
    - path: src/models/search_engine/
      hash: md5
      md5: 40b82155d21ff673e69fbb296db12baf.dir
      size: 32299
      nfiles: 8
  build_sentences:
    cmd: poetry run python -m src.features.build_sentences data/interim/dataset.parquet
      data/interim/sentences.parquet --mlflow_run_name=pipeline --limit_sentence_size=30
    deps:
    - path: data/interim/dataset.parquet
      hash: md5
      md5: bc237833c9ceab972308b563cfaf3b11
      size: 15023178
    - path: src/features/build_sentences.py
      hash: md5
      md5: 6354999ccc03d233d77e5321e2d3fc3b
      size: 1639
    outs:
    - path: data/interim/sentences.parquet
      hash: md5
      md5: c171ff2794839915ad207819c3ea2321
      size: 151481
  embed_sentences@SentenceTransformer-oshizo/sbert-jsnli-luke-japanese-base-lite-head_only:
    cmd: poetry run python -m src.features.embed_sentences data/interim/sentences.parquet
      models/SentenceTransformer/oshizo/sbert-jsnli-luke-japanese-base-lite/embeddings_head_only.cloudpickle
      --mlflow_run_name=pipeline --model_name_or_filepath=oshizo/sbert-jsnli-luke-japanese-base-lite
      --embedding_storategy=SentenceTransformer --chunk_method=head_only
    deps:
    - path: data/interim/sentences.parquet
      hash: md5
      md5: c171ff2794839915ad207819c3ea2321
      size: 151481
    - path: models/Word2Vec/base_dict/kv.bin
      hash: md5
      md5: 988260506cc3a5d3d1123b591c63a32b
      size: 31001700
    - path: src/features/embed_sentences.py
      hash: md5
      md5: 4b28935790cc6f4a6c6fc241f06e9c21
      size: 2279
    - path: src/models/embedding/
      hash: md5
      md5: f0f13d2ed383f5f430a3576ea9040d37.dir
      size: 33400
      nfiles: 10
    - path: src/models/search_engine/
      hash: md5
      md5: 435569cfbf19228102063042b8a3e281.dir
      size: 32311
      nfiles: 8
    outs:
    - path: 
        models/SentenceTransformer/oshizo/sbert-jsnli-luke-japanese-base-lite/embeddings_head_only.cloudpickle
      hash: md5
      md5: 41abb40ac2b92a2bae0cafab1c2c1f4d
      size: 92298
  build_vector_db@SentenceTransformer-oshizo/sbert-jsnli-luke-japanese-base-lite-head_only:
    cmd: poetry run python -m src.features.build_vector_db data/interim/sentences.parquet
      models/SentenceTransformer/oshizo/sbert-jsnli-luke-japanese-base-lite/embeddings_head_only.cloudpickle
      models/SentenceTransformer/oshizo/sbert-jsnli-luke-japanese-base-lite/engine_head_only.cloudpickle
      --mlflow_run_name=pipeline
    deps:
    - path: data/interim/sentences.parquet
      hash: md5
      md5: c171ff2794839915ad207819c3ea2321
      size: 151481
    - path: 
        models/SentenceTransformer/oshizo/sbert-jsnli-luke-japanese-base-lite/embeddings_head_only.cloudpickle
      hash: md5
      md5: 41abb40ac2b92a2bae0cafab1c2c1f4d
      size: 92298
    - path: src/features/build_vector_db.py
      hash: md5
      md5: 9ff43b2e25ced3d03357dbeb0a4a122c
      size: 1822
    - path: src/models/search_engine/
      hash: md5
      md5: 435569cfbf19228102063042b8a3e281.dir
      size: 32311
      nfiles: 8
    outs:
    - path: 
        models/SentenceTransformer/oshizo/sbert-jsnli-luke-japanese-base-lite/engine_head_only.cloudpickle
      hash: md5
      md5: eeb0508ff47eb1a425e503dcdb39808c
      size: 277429
  recommend@SentenceTransformer-oshizo/sbert-jsnli-luke-japanese-base-lite-head_only:
    cmd: poetry run python -m src.models.recommend 
      models/SentenceTransformer/oshizo/sbert-jsnli-luke-japanese-base-lite/engine_head_only.cloudpickle
      --mlflow_run_name=pipeline --model_name_or_filepath=oshizo/sbert-jsnli-luke-japanese-base-lite
      --embedding_storategy=SentenceTransformer
    deps:
    - path: 
        models/SentenceTransformer/oshizo/sbert-jsnli-luke-japanese-base-lite/engine_head_only.cloudpickle
      hash: md5
      md5: eeb0508ff47eb1a425e503dcdb39808c
      size: 277429
    - path: src/models/embedding/
      hash: md5
      md5: f0f13d2ed383f5f430a3576ea9040d37.dir
      size: 33400
      nfiles: 10
    - path: src/models/recommend.py
      hash: md5
      md5: db13fc49e519fc8ff354bd37f7f2ef65
      size: 2516
    - path: src/models/search_engine/
      hash: md5
      md5: 435569cfbf19228102063042b8a3e281.dir
      size: 32311
      nfiles: 8
  build_sentences@30:
    cmd: poetry run python -m src.features.build_sentences data/interim/dataset.parquet
      data/interim/sentences-limit-30.parquet --mlflow_run_name=pipeline --limit_sentences_size=30
    deps:
    - path: data/interim/dataset.parquet
      hash: md5
      md5: bc237833c9ceab972308b563cfaf3b11
      size: 15023178
    - path: src/features/build_sentences.py
      hash: md5
      md5: 331efa40643c66bbee803e59b9d51adf
      size: 1642
    outs:
    - path: data/interim/sentences-limit-30.parquet
      hash: md5
      md5: c171ff2794839915ad207819c3ea2321
      size: 151481
