schema: '2.0'
stages:
  make_dataset:
    cmd: poetry run python -m src.data.make_dataset llm-book/livedoor-news-corpus
      data/interim/dataset.parquet --mlflow_run_name=pipeline
    deps:
    - path: src/data/make_dataset.py
      hash: md5
      md5: 01972a8f018b5392df774199a871775d
      size: 1818
    outs:
    - path: data/interim/dataset.parquet
      hash: md5
      md5: bf697d2cccb6933f6e7dd401ecb0cf44
      size: 15071031
